
Microsoft Visual Studio Solution File, Format Version 12.00
# Visual Studio 15
VisualStudioVersion = 15.0.27004.2009
MinimumVisualStudioVersion = 10.0.40219.1
Project("{FAE04EC0-301F-11D3-BF4B-00C04F79EFBC}") = "Aula1", "Aula1\Aula1.csproj", "{1729C08F-8A0A-4E1D-A0FD-8E4DFB83F4AD}"
EndProject
Global
	GlobalSection(SolutionConfigurationPlatforms) = preSolution
		Debug|Any CPU = Debug|Any CPU
		Release|Any CPU = Release|Any CPU
	EndGlobalSection
	GlobalSection(ProjectConfigurationPlatforms) = postSolution
		{1729C08F-8A0A-4E1D-A0FD-8E4DFB83F4AD}.Debug|Any CPU.ActiveCfg = Debug|Any CPU
		{1729C08F-8A0A-4E1D-A0FD-8E4DFB83F4AD}.Debug|Any CPU.Build.0 = Debug|Any CPU
		{1729C08F-8A0A-4E1D-A0FD-8E4DFB83F4AD}.Release|Any CPU.ActiveCfg = Release|Any CPU
		{1729C08F-8A0A-4E1D-A0FD-8E4DFB83F4AD}.Release|Any CPU.Build.0 = Release|Any CPU
	EndGlobalSection
	GlobalSection(SolutionProperties) = preSolution
		HideSolutionNode = FALSE
	EndGlobalSection
	GlobalSection(ExtensibilityGlobals) = postSolution
		SolutionGuid = {8D10C5C3-F327-48FD-A081-E45801A8F525}
	EndGlobalSection
EndGlobal
